PODS:
  - Cedar (0.9.5)
  - SingleTrack (0.1):
    - SingleTrack/Lib
    - SingleTrack/Lib
  - SingleTrack/Lib (0.1):
    - SingleTrack/Lib
  - SingleTrack/SpecHelpers (0.1):
    - SingleTrack/Lib

DEPENDENCIES:
  - Cedar
  - SingleTrack (from `.`)
  - SingleTrack/SpecHelpers (from `.`)

EXTERNAL SOURCES:
  SingleTrack:
    :path: .

SPEC CHECKSUMS:
  Cedar: 16cbb75084031aa41304cdeb0d0c8319c1af1cae
  SingleTrack: 1fe56978c91682f5ab093fef7a318c66fcd73d79

COCOAPODS: 0.32.1
